
Microsoft Visual Studio Solution File, Format Version 12.00
# Visual Studio Version 16
VisualStudioVersion = 16.0.30413.136
MinimumVisualStudioVersion = 10.0.40219.1
Project("{FAE04EC0-301F-11D3-BF4B-00C04F79EFBC}") = "XF5Sample.Android", "XF5Sample.Android\XF5Sample.Android.csproj", "{EBD2FDD8-659D-48A7-ADEA-91F0A5B578B1}"
EndProject
Project("{FAE04EC0-301F-11D3-BF4B-00C04F79EFBC}") = "XF5Sample.iOS", "XF5Sample.iOS\XF5Sample.iOS.csproj", "{D6EFABCC-91A3-4C3B-9B28-A2D59E8F47EB}"
EndProject
Project("{FAE04EC0-301F-11D3-BF4B-00C04F79EFBC}") = "XF5Sample", "XF5Sample\XF5Sample.csproj", "{57D8BD41-E117-4042-8637-CC5DC8A9B246}"
EndProject
Global
	GlobalSection(SolutionConfigurationPlatforms) = preSolution
		Debug|Any CPU = Debug|Any CPU
		Debug|iPhone = Debug|iPhone
		Debug|iPhoneSimulator = Debug|iPhoneSimulator
		Release|Any CPU = Release|Any CPU
		Release|iPhone = Release|iPhone
		Release|iPhoneSimulator = Release|iPhoneSimulator
	EndGlobalSection
	GlobalSection(ProjectConfigurationPlatforms) = postSolution
		{EBD2FDD8-659D-48A7-ADEA-91F0A5B578B1}.Debug|Any CPU.ActiveCfg = Debug|Any CPU
		{EBD2FDD8-659D-48A7-ADEA-91F0A5B578B1}.Debug|Any CPU.Build.0 = Debug|Any CPU
		{EBD2FDD8-659D-48A7-ADEA-91F0A5B578B1}.Debug|Any CPU.Deploy.0 = Debug|Any CPU
		{EBD2FDD8-659D-48A7-ADEA-91F0A5B578B1}.Debug|iPhone.ActiveCfg = Debug|Any CPU
		{EBD2FDD8-659D-48A7-ADEA-91F0A5B578B1}.Debug|iPhone.Build.0 = Debug|Any CPU
		{EBD2FDD8-659D-48A7-ADEA-91F0A5B578B1}.Debug|iPhone.Deploy.0 = Debug|Any CPU
		{EBD2FDD8-659D-48A7-ADEA-91F0A5B578B1}.Debug|iPhoneSimulator.ActiveCfg = Debug|Any CPU
		{EBD2FDD8-659D-48A7-ADEA-91F0A5B578B1}.Debug|iPhoneSimulator.Build.0 = Debug|Any CPU
		{EBD2FDD8-659D-48A7-ADEA-91F0A5B578B1}.Debug|iPhoneSimulator.Deploy.0 = Debug|Any CPU
		{EBD2FDD8-659D-48A7-ADEA-91F0A5B578B1}.Release|Any CPU.ActiveCfg = Release|Any CPU
		{EBD2FDD8-659D-48A7-ADEA-91F0A5B578B1}.Release|Any CPU.Build.0 = Release|Any CPU
		{EBD2FDD8-659D-48A7-ADEA-91F0A5B578B1}.Release|Any CPU.Deploy.0 = Release|Any CPU
		{EBD2FDD8-659D-48A7-ADEA-91F0A5B578B1}.Release|iPhone.ActiveCfg = Release|Any CPU
		{EBD2FDD8-659D-48A7-ADEA-91F0A5B578B1}.Release|iPhone.Build.0 = Release|Any CPU
		{EBD2FDD8-659D-48A7-ADEA-91F0A5B578B1}.Release|iPhone.Deploy.0 = Release|Any CPU
		{EBD2FDD8-659D-48A7-ADEA-91F0A5B578B1}.Release|iPhoneSimulator.ActiveCfg = Release|Any CPU
		{EBD2FDD8-659D-48A7-ADEA-91F0A5B578B1}.Release|iPhoneSimulator.Build.0 = Release|Any CPU
		{EBD2FDD8-659D-48A7-ADEA-91F0A5B578B1}.Release|iPhoneSimulator.Deploy.0 = Release|Any CPU
		{D6EFABCC-91A3-4C3B-9B28-A2D59E8F47EB}.Debug|Any CPU.ActiveCfg = Debug|iPhone
		{D6EFABCC-91A3-4C3B-9B28-A2D59E8F47EB}.Debug|Any CPU.Build.0 = Debug|iPhone
		{D6EFABCC-91A3-4C3B-9B28-A2D59E8F47EB}.Debug|Any CPU.Deploy.0 = Debug|iPhone
		{D6EFABCC-91A3-4C3B-9B28-A2D59E8F47EB}.Debug|iPhone.ActiveCfg = Debug|iPhone
		{D6EFABCC-91A3-4C3B-9B28-A2D59E8F47EB}.Debug|iPhone.Build.0 = Debug|iPhone
		{D6EFABCC-91A3-4C3B-9B28-A2D59E8F47EB}.Debug|iPhone.Deploy.0 = Debug|iPhone
		{D6EFABCC-91A3-4C3B-9B28-A2D59E8F47EB}.Debug|iPhoneSimulator.ActiveCfg = Debug|iPhoneSimulator
		{D6EFABCC-91A3-4C3B-9B28-A2D59E8F47EB}.Debug|iPhoneSimulator.Build.0 = Debug|iPhoneSimulator
		{D6EFABCC-91A3-4C3B-9B28-A2D59E8F47EB}.Debug|iPhoneSimulator.Deploy.0 = Debug|iPhoneSimulator
		{D6EFABCC-91A3-4C3B-9B28-A2D59E8F47EB}.Release|Any CPU.ActiveCfg = Release|iPhone
		{D6EFABCC-91A3-4C3B-9B28-A2D59E8F47EB}.Release|Any CPU.Build.0 = Release|iPhone
		{D6EFABCC-91A3-4C3B-9B28-A2D59E8F47EB}.Release|Any CPU.Deploy.0 = Release|iPhone
		{D6EFABCC-91A3-4C3B-9B28-A2D59E8F47EB}.Release|iPhone.ActiveCfg = Release|iPhone
		{D6EFABCC-91A3-4C3B-9B28-A2D59E8F47EB}.Release|iPhone.Build.0 = Release|iPhone
		{D6EFABCC-91A3-4C3B-9B28-A2D59E8F47EB}.Release|iPhone.Deploy.0 = Release|iPhone
		{D6EFABCC-91A3-4C3B-9B28-A2D59E8F47EB}.Release|iPhoneSimulator.ActiveCfg = Release|iPhoneSimulator
		{D6EFABCC-91A3-4C3B-9B28-A2D59E8F47EB}.Release|iPhoneSimulator.Build.0 = Release|iPhoneSimulator
		{D6EFABCC-91A3-4C3B-9B28-A2D59E8F47EB}.Release|iPhoneSimulator.Deploy.0 = Release|iPhoneSimulator
		{57D8BD41-E117-4042-8637-CC5DC8A9B246}.Debug|Any CPU.ActiveCfg = Debug|Any CPU
		{57D8BD41-E117-4042-8637-CC5DC8A9B246}.Debug|Any CPU.Build.0 = Debug|Any CPU
		{57D8BD41-E117-4042-8637-CC5DC8A9B246}.Debug|Any CPU.Deploy.0 = Debug|Any CPU
		{57D8BD41-E117-4042-8637-CC5DC8A9B246}.Debug|iPhone.ActiveCfg = Debug|Any CPU
		{57D8BD41-E117-4042-8637-CC5DC8A9B246}.Debug|iPhone.Build.0 = Debug|Any CPU
		{57D8BD41-E117-4042-8637-CC5DC8A9B246}.Debug|iPhone.Deploy.0 = Debug|Any CPU
		{57D8BD41-E117-4042-8637-CC5DC8A9B246}.Debug|iPhoneSimulator.ActiveCfg = Debug|Any CPU
		{57D8BD41-E117-4042-8637-CC5DC8A9B246}.Debug|iPhoneSimulator.Build.0 = Debug|Any CPU
		{57D8BD41-E117-4042-8637-CC5DC8A9B246}.Debug|iPhoneSimulator.Deploy.0 = Debug|Any CPU
		{57D8BD41-E117-4042-8637-CC5DC8A9B246}.Release|Any CPU.ActiveCfg = Release|Any CPU
		{57D8BD41-E117-4042-8637-CC5DC8A9B246}.Release|Any CPU.Build.0 = Release|Any CPU
		{57D8BD41-E117-4042-8637-CC5DC8A9B246}.Release|Any CPU.Deploy.0 = Release|Any CPU
		{57D8BD41-E117-4042-8637-CC5DC8A9B246}.Release|iPhone.ActiveCfg = Release|Any CPU
		{57D8BD41-E117-4042-8637-CC5DC8A9B246}.Release|iPhone.Build.0 = Release|Any CPU
		{57D8BD41-E117-4042-8637-CC5DC8A9B246}.Release|iPhone.Deploy.0 = Release|Any CPU
		{57D8BD41-E117-4042-8637-CC5DC8A9B246}.Release|iPhoneSimulator.ActiveCfg = Release|Any CPU
		{57D8BD41-E117-4042-8637-CC5DC8A9B246}.Release|iPhoneSimulator.Build.0 = Release|Any CPU
		{57D8BD41-E117-4042-8637-CC5DC8A9B246}.Release|iPhoneSimulator.Deploy.0 = Release|Any CPU
	EndGlobalSection
	GlobalSection(SolutionProperties) = preSolution
		HideSolutionNode = FALSE
	EndGlobalSection
	GlobalSection(ExtensibilityGlobals) = postSolution
		SolutionGuid = {6B6D1CF2-FB28-4F4B-91D6-D30A33A7995D}
	EndGlobalSection
EndGlobal
